
Microsoft Visual Studio Solution File, Format Version 12.00
# Visual Studio Version 16
VisualStudioVersion = 16.0.30114.105
MinimumVisualStudioVersion = 10.0.40219.1
Project("{FAE04EC0-301F-11D3-BF4B-00C04F79EFBC}") = "API", "API\API.csproj", "{21255E5B-E28E-4A9B-8AA7-14EA90C91ED2}"
EndProject
Project("{FAE04EC0-301F-11D3-BF4B-00C04F79EFBC}") = "Application", "Application\Application.csproj", "{F3180ABF-DBAA-4F4E-A1AF-11AB239129F0}"
EndProject
Project("{FAE04EC0-301F-11D3-BF4B-00C04F79EFBC}") = "Persistence", "Persistence\Persistence.csproj", "{CDDB3492-CA54-43ED-A016-2BF989645CE3}"
EndProject
Project("{FAE04EC0-301F-11D3-BF4B-00C04F79EFBC}") = "Domain", "Domain\Domain.csproj", "{CBF3969C-2E4F-4909-8AA9-10914EC69FBD}"
EndProject
Project("{FAE04EC0-301F-11D3-BF4B-00C04F79EFBC}") = "Infrastructure", "Infrastructure\Infrastructure.csproj", "{C807B604-2BE4-4FDD-A627-550AED0B9BA6}"
EndProject
Global
	GlobalSection(SolutionConfigurationPlatforms) = preSolution
		Debug|Any CPU = Debug|Any CPU
		Debug|x64 = Debug|x64
		Debug|x86 = Debug|x86
		Release|Any CPU = Release|Any CPU
		Release|x64 = Release|x64
		Release|x86 = Release|x86
	EndGlobalSection
	GlobalSection(SolutionProperties) = preSolution
		HideSolutionNode = FALSE
	EndGlobalSection
	GlobalSection(ProjectConfigurationPlatforms) = postSolution
		{21255E5B-E28E-4A9B-8AA7-14EA90C91ED2}.Debug|Any CPU.ActiveCfg = Debug|Any CPU
		{21255E5B-E28E-4A9B-8AA7-14EA90C91ED2}.Debug|Any CPU.Build.0 = Debug|Any CPU
		{21255E5B-E28E-4A9B-8AA7-14EA90C91ED2}.Debug|x64.ActiveCfg = Debug|Any CPU
		{21255E5B-E28E-4A9B-8AA7-14EA90C91ED2}.Debug|x64.Build.0 = Debug|Any CPU
		{21255E5B-E28E-4A9B-8AA7-14EA90C91ED2}.Debug|x86.ActiveCfg = Debug|Any CPU
		{21255E5B-E28E-4A9B-8AA7-14EA90C91ED2}.Debug|x86.Build.0 = Debug|Any CPU
		{21255E5B-E28E-4A9B-8AA7-14EA90C91ED2}.Release|Any CPU.ActiveCfg = Release|Any CPU
		{21255E5B-E28E-4A9B-8AA7-14EA90C91ED2}.Release|Any CPU.Build.0 = Release|Any CPU
		{21255E5B-E28E-4A9B-8AA7-14EA90C91ED2}.Release|x64.ActiveCfg = Release|Any CPU
		{21255E5B-E28E-4A9B-8AA7-14EA90C91ED2}.Release|x64.Build.0 = Release|Any CPU
		{21255E5B-E28E-4A9B-8AA7-14EA90C91ED2}.Release|x86.ActiveCfg = Release|Any CPU
		{21255E5B-E28E-4A9B-8AA7-14EA90C91ED2}.Release|x86.Build.0 = Release|Any CPU
		{F3180ABF-DBAA-4F4E-A1AF-11AB239129F0}.Debug|Any CPU.ActiveCfg = Debug|Any CPU
		{F3180ABF-DBAA-4F4E-A1AF-11AB239129F0}.Debug|Any CPU.Build.0 = Debug|Any CPU
		{F3180ABF-DBAA-4F4E-A1AF-11AB239129F0}.Debug|x64.ActiveCfg = Debug|Any CPU
		{F3180ABF-DBAA-4F4E-A1AF-11AB239129F0}.Debug|x64.Build.0 = Debug|Any CPU
		{F3180ABF-DBAA-4F4E-A1AF-11AB239129F0}.Debug|x86.ActiveCfg = Debug|Any CPU
		{F3180ABF-DBAA-4F4E-A1AF-11AB239129F0}.Debug|x86.Build.0 = Debug|Any CPU
		{F3180ABF-DBAA-4F4E-A1AF-11AB239129F0}.Release|Any CPU.ActiveCfg = Release|Any CPU
		{F3180ABF-DBAA-4F4E-A1AF-11AB239129F0}.Release|Any CPU.Build.0 = Release|Any CPU
		{F3180ABF-DBAA-4F4E-A1AF-11AB239129F0}.Release|x64.ActiveCfg = Release|Any CPU
		{F3180ABF-DBAA-4F4E-A1AF-11AB239129F0}.Release|x64.Build.0 = Release|Any CPU
		{F3180ABF-DBAA-4F4E-A1AF-11AB239129F0}.Release|x86.ActiveCfg = Release|Any CPU
		{F3180ABF-DBAA-4F4E-A1AF-11AB239129F0}.Release|x86.Build.0 = Release|Any CPU
		{CDDB3492-CA54-43ED-A016-2BF989645CE3}.Debug|Any CPU.ActiveCfg = Debug|Any CPU
		{CDDB3492-CA54-43ED-A016-2BF989645CE3}.Debug|Any CPU.Build.0 = Debug|Any CPU
		{CDDB3492-CA54-43ED-A016-2BF989645CE3}.Debug|x64.ActiveCfg = Debug|Any CPU
		{CDDB3492-CA54-43ED-A016-2BF989645CE3}.Debug|x64.Build.0 = Debug|Any CPU
		{CDDB3492-CA54-43ED-A016-2BF989645CE3}.Debug|x86.ActiveCfg = Debug|Any CPU
		{CDDB3492-CA54-43ED-A016-2BF989645CE3}.Debug|x86.Build.0 = Debug|Any CPU
		{CDDB3492-CA54-43ED-A016-2BF989645CE3}.Release|Any CPU.ActiveCfg = Release|Any CPU
		{CDDB3492-CA54-43ED-A016-2BF989645CE3}.Release|Any CPU.Build.0 = Release|Any CPU
		{CDDB3492-CA54-43ED-A016-2BF989645CE3}.Release|x64.ActiveCfg = Release|Any CPU
		{CDDB3492-CA54-43ED-A016-2BF989645CE3}.Release|x64.Build.0 = Release|Any CPU
		{CDDB3492-CA54-43ED-A016-2BF989645CE3}.Release|x86.ActiveCfg = Release|Any CPU
		{CDDB3492-CA54-43ED-A016-2BF989645CE3}.Release|x86.Build.0 = Release|Any CPU
		{CBF3969C-2E4F-4909-8AA9-10914EC69FBD}.Debug|Any CPU.ActiveCfg = Debug|Any CPU
		{CBF3969C-2E4F-4909-8AA9-10914EC69FBD}.Debug|Any CPU.Build.0 = Debug|Any CPU
		{CBF3969C-2E4F-4909-8AA9-10914EC69FBD}.Debug|x64.ActiveCfg = Debug|Any CPU
		{CBF3969C-2E4F-4909-8AA9-10914EC69FBD}.Debug|x64.Build.0 = Debug|Any CPU
		{CBF3969C-2E4F-4909-8AA9-10914EC69FBD}.Debug|x86.ActiveCfg = Debug|Any CPU
		{CBF3969C-2E4F-4909-8AA9-10914EC69FBD}.Debug|x86.Build.0 = Debug|Any CPU
		{CBF3969C-2E4F-4909-8AA9-10914EC69FBD}.Release|Any CPU.ActiveCfg = Release|Any CPU
		{CBF3969C-2E4F-4909-8AA9-10914EC69FBD}.Release|Any CPU.Build.0 = Release|Any CPU
		{CBF3969C-2E4F-4909-8AA9-10914EC69FBD}.Release|x64.ActiveCfg = Release|Any CPU
		{CBF3969C-2E4F-4909-8AA9-10914EC69FBD}.Release|x64.Build.0 = Release|Any CPU
		{CBF3969C-2E4F-4909-8AA9-10914EC69FBD}.Release|x86.ActiveCfg = Release|Any CPU
		{CBF3969C-2E4F-4909-8AA9-10914EC69FBD}.Release|x86.Build.0 = Release|Any CPU
		{C807B604-2BE4-4FDD-A627-550AED0B9BA6}.Debug|Any CPU.ActiveCfg = Debug|Any CPU
		{C807B604-2BE4-4FDD-A627-550AED0B9BA6}.Debug|Any CPU.Build.0 = Debug|Any CPU
		{C807B604-2BE4-4FDD-A627-550AED0B9BA6}.Debug|x64.ActiveCfg = Debug|Any CPU
		{C807B604-2BE4-4FDD-A627-550AED0B9BA6}.Debug|x64.Build.0 = Debug|Any CPU
		{C807B604-2BE4-4FDD-A627-550AED0B9BA6}.Debug|x86.ActiveCfg = Debug|Any CPU
		{C807B604-2BE4-4FDD-A627-550AED0B9BA6}.Debug|x86.Build.0 = Debug|Any CPU
		{C807B604-2BE4-4FDD-A627-550AED0B9BA6}.Release|Any CPU.ActiveCfg = Release|Any CPU
		{C807B604-2BE4-4FDD-A627-550AED0B9BA6}.Release|Any CPU.Build.0 = Release|Any CPU
		{C807B604-2BE4-4FDD-A627-550AED0B9BA6}.Release|x64.ActiveCfg = Release|Any CPU
		{C807B604-2BE4-4FDD-A627-550AED0B9BA6}.Release|x64.Build.0 = Release|Any CPU
		{C807B604-2BE4-4FDD-A627-550AED0B9BA6}.Release|x86.ActiveCfg = Release|Any CPU
		{C807B604-2BE4-4FDD-A627-550AED0B9BA6}.Release|x86.Build.0 = Release|Any CPU
	EndGlobalSection
EndGlobal
